{
  "requires": true,
  "lockfileVersion": 1,
  "dependencies": {
    "@prisma/engines": {
      "version": "4.1.0",
      "resolved": "https://registry.npmjs.org/@prisma/engines/-/engines-4.1.0.tgz",
      "integrity": "sha512-quqHXD3P83NBLVtRlts4SgKHmqgA8GMiyDTJ7af03Wg0gl6F5t65mBYvIuwmD+52vHm42JtIsp/fAO9YIV0JBA=="
    }
  }
}
